{
  "name": "node-emgucv-autoit-generator",
  "version": "1.0.0-rc.0",
  "lockfileVersion": 2,
  "requires": true,
  "packages": {
    "": {
      "name": "node-emgucv-autoit-generator",
      "version": "1.0.0-rc.0",
      "license": "ISC",
      "dependencies": {
        "async": "^3.2.0",
        "eol": "^0.9.1",
        "fs-explorer": "^1.4.2",
        "mkdirp": "^1.0.4",
        "node-autoit-binding-utils": "git+ssh://git@github.com:smbape/node-autoit-binding-utils.git",
        "uuid": "^8.3.2"
      }
    },
    "node_modules/async": {
      "version": "3.2.0",
      "resolved": "https://registry.npmjs.org/async/-/async-3.2.0.tgz",
      "integrity": "sha512-TR2mEZFVOj2pLStYxLht7TyfuRzaydfpxr3k9RpHIzMgw7A64dzsdqCxH1WJyQdoe8T10nDXd9wnEigmiuHIZw=="
    },
    "node_modules/eol": {
      "version": "0.9.1",
      "resolved": "https://registry.npmjs.org/eol/-/eol-0.9.1.tgz",
      "integrity": "sha512-Ds/TEoZjwggRoz/Q2O7SE3i4Jm66mqTDfmdHdq/7DKVk3bro9Q8h6WdXKdPqFLMoqxrDK5SVRzHVPOS6uuGtrg=="
    },
    "node_modules/fs-explorer": {
      "version": "1.4.2",
      "resolved": "https://registry.npmjs.org/fs-explorer/-/fs-explorer-1.4.2.tgz",
      "integrity": "sha512-cUE1sxOPUZRVWArm52WcykFnsgbdMHMMi4cehzPgrMQ37IjUbqYhebcCfwd0l6/tUSUBwddq34EGB4hqRBD2Qw==",
      "dependencies": {
        "sem-lib": "^2.6.2"
      }
    },
    "node_modules/mkdirp": {
      "version": "1.0.4",
      "resolved": "https://registry.npmjs.org/mkdirp/-/mkdirp-1.0.4.tgz",
      "integrity": "sha512-vVqVZQyf3WLx2Shd0qJ9xuvqgAyKPLAiqITEtqW0oIUjzo3PePDd6fW9iFz30ef7Ysp/oiWqbhszeGWW2T6Gzw==",
      "bin": {
        "mkdirp": "bin/cmd.js"
      },
      "engines": {
        "node": ">=10"
      }
    },
    "node_modules/node-autoit-binding-utils": {
      "version": "0.0.0",
      "resolved": "git+ssh://git@github.com/smbape/node-autoit-binding-utils.git#64beb0409b51079697ccbc74ae37f2a7d19e756e",
      "license": "ISC"
    },
    "node_modules/sem-lib": {
      "version": "2.6.4",
      "resolved": "https://registry.npmjs.org/sem-lib/-/sem-lib-2.6.4.tgz",
      "integrity": "sha512-xMsl8n78vdMZryfknavKm3psDcTthMcRUvHZkcCS/R/NSappWCID4xRCNzXiqWSY5CgQ6MbGzhukYXqm32QJBg=="
    },
    "node_modules/uuid": {
      "version": "8.3.2",
      "resolved": "https://registry.npmjs.org/uuid/-/uuid-8.3.2.tgz",
      "integrity": "sha512-+NYs2QeMWy+GWFOEm9xnn6HCDp0l7QBD7ml8zLUmJ+93Q5NF0NocErnwkTkXVFNiX3/fpC6afS8Dhb/gz7R7eg==",
      "bin": {
        "uuid": "dist/bin/uuid"
      }
    }
  },
  "dependencies": {
    "async": {
      "version": "3.2.0",
      "resolved": "https://registry.npmjs.org/async/-/async-3.2.0.tgz",
      "integrity": "sha512-TR2mEZFVOj2pLStYxLht7TyfuRzaydfpxr3k9RpHIzMgw7A64dzsdqCxH1WJyQdoe8T10nDXd9wnEigmiuHIZw=="
    },
    "eol": {
      "version": "0.9.1",
      "resolved": "https://registry.npmjs.org/eol/-/eol-0.9.1.tgz",
      "integrity": "sha512-Ds/TEoZjwggRoz/Q2O7SE3i4Jm66mqTDfmdHdq/7DKVk3bro9Q8h6WdXKdPqFLMoqxrDK5SVRzHVPOS6uuGtrg=="
    },
    "fs-explorer": {
      "version": "1.4.2",
      "resolved": "https://registry.npmjs.org/fs-explorer/-/fs-explorer-1.4.2.tgz",
      "integrity": "sha512-cUE1sxOPUZRVWArm52WcykFnsgbdMHMMi4cehzPgrMQ37IjUbqYhebcCfwd0l6/tUSUBwddq34EGB4hqRBD2Qw==",
      "requires": {
        "sem-lib": "^2.6.2"
      }
    },
    "mkdirp": {
      "version": "1.0.4",
      "resolved": "https://registry.npmjs.org/mkdirp/-/mkdirp-1.0.4.tgz",
      "integrity": "sha512-vVqVZQyf3WLx2Shd0qJ9xuvqgAyKPLAiqITEtqW0oIUjzo3PePDd6fW9iFz30ef7Ysp/oiWqbhszeGWW2T6Gzw=="
    },
    "node-autoit-binding-utils": {
      "version": "git+ssh://git@github.com/smbape/node-autoit-binding-utils.git#64beb0409b51079697ccbc74ae37f2a7d19e756e",
      "from": "node-autoit-binding-utils@git+ssh://git@github.com:smbape/node-autoit-binding-utils.git"
    },
    "sem-lib": {
      "version": "2.6.4",
      "resolved": "https://registry.npmjs.org/sem-lib/-/sem-lib-2.6.4.tgz",
      "integrity": "sha512-xMsl8n78vdMZryfknavKm3psDcTthMcRUvHZkcCS/R/NSappWCID4xRCNzXiqWSY5CgQ6MbGzhukYXqm32QJBg=="
    },
    "uuid": {
      "version": "8.3.2",
      "resolved": "https://registry.npmjs.org/uuid/-/uuid-8.3.2.tgz",
      "integrity": "sha512-+NYs2QeMWy+GWFOEm9xnn6HCDp0l7QBD7ml8zLUmJ+93Q5NF0NocErnwkTkXVFNiX3/fpC6afS8Dhb/gz7R7eg=="
    }
  }
}
